// !$*UTF8*$!
{
	archiveVersion = 1;
	classes = {
	};
	objectVersion = 46;
	objects = {

/* Begin PBXBuildFile section */
		CE610BBD14B84ACD006EA94E /* UIKit.framework in Frameworks */ = {isa = PBXBuildFile; fileRef = CE610BBC14B84ACD006EA94E /* UIKit.framework */; };
		CE610BBF14B84ACD006EA94E /* Foundation.framework in Frameworks */ = {isa = PBXBuildFile; fileRef = CE610BBE14B84ACD006EA94E /* Foundation.framework */; };
		CE610BC114B84ACD006EA94E /* CoreGraphics.framework in Frameworks */ = {isa = PBXBuildFile; fileRef = CE610BC014B84ACD006EA94E /* CoreGraphics.framework */; };
		CE610BC714B84ACD006EA94E /* InfoPlist.strings in Resources */ = {isa = PBXBuildFile; fileRef = CE610BC514B84ACD006EA94E /* InfoPlist.strings */; };
		CE610BC914B84ACD006EA94E /* main.m in Sources */ = {isa = PBXBuildFile; fileRef = CE610BC814B84ACD006EA94E /* main.m */; };
		CE610BCD14B84ACD006EA94E /* TDAppDelegate.m in Sources */ = {isa = PBXBuildFile; fileRef = CE610BCC14B84ACD006EA94E /* TDAppDelegate.m */; };
		CE610BD014B84ACD006EA94E /* MainStoryboard.storyboard in Resources */ = {isa = PBXBuildFile; fileRef = CE610BCE14B84ACD006EA94E /* MainStoryboard.storyboard */; };
		CE610BD314B84ACD006EA94E /* TDLauncherController.m in Sources */ = {isa = PBXBuildFile; fileRef = CE610BD214B84ACD006EA94E /* TDLauncherController.m */; };
		CE610BE314B85CAE006EA94E /* TDMulticast.m in Sources */ = {isa = PBXBuildFile; fileRef = CE610BE214B85CAE006EA94E /* TDMulticast.m */; };
		CE610BF314B860CB006EA94E /* TCPServer.m in Sources */ = {isa = PBXBuildFile; fileRef = CE610BF214B860CB006EA94E /* TCPServer.m */; };
		CE610BF514B86180006EA94E /* CFNetwork.framework in Frameworks */ = {isa = PBXBuildFile; fileRef = CE610BF414B86180006EA94E /* CFNetwork.framework */; };
		CE610BF814B87F21006EA94E /* TDAnnounceController.m in Sources */ = {isa = PBXBuildFile; fileRef = CE610BF714B87F21006EA94E /* TDAnnounceController.m */; };
		CE610BFB14B87F37006EA94E /* TDDiscoverController.m in Sources */ = {isa = PBXBuildFile; fileRef = CE610BFA14B87F37006EA94E /* TDDiscoverController.m */; };
/* End PBXBuildFile section */

/* Begin PBXFileReference section */
		CE610BB814B84ACD006EA94E /* TooConsole.app */ = {isa = PBXFileReference; explicitFileType = wrapper.application; includeInIndex = 0; path = TooConsole.app; sourceTree = BUILT_PRODUCTS_DIR; };
		CE610BBC14B84ACD006EA94E /* UIKit.framework */ = {isa = PBXFileReference; lastKnownFileType = wrapper.framework; name = UIKit.framework; path = System/Library/Frameworks/UIKit.framework; sourceTree = SDKROOT; };
		CE610BBE14B84ACD006EA94E /* Foundation.framework */ = {isa = PBXFileReference; lastKnownFileType = wrapper.framework; name = Foundation.framework; path = System/Library/Frameworks/Foundation.framework; sourceTree = SDKROOT; };
		CE610BC014B84ACD006EA94E /* CoreGraphics.framework */ = {isa = PBXFileReference; lastKnownFileType = wrapper.framework; name = CoreGraphics.framework; path = System/Library/Frameworks/CoreGraphics.framework; sourceTree = SDKROOT; };
		CE610BC414B84ACD006EA94E /* TooConsole-Info.plist */ = {isa = PBXFileReference; lastKnownFileType = text.plist.xml; path = "TooConsole-Info.plist"; sourceTree = "<group>"; };
		CE610BC614B84ACD006EA94E /* en */ = {isa = PBXFileReference; lastKnownFileType = text.plist.strings; name = en; path = en.lproj/InfoPlist.strings; sourceTree = "<group>"; };
		CE610BC814B84ACD006EA94E /* main.m */ = {isa = PBXFileReference; lastKnownFileType = sourcecode.c.objc; path = main.m; sourceTree = "<group>"; };
		CE610BCA14B84ACD006EA94E /* TooConsole-Prefix.pch */ = {isa = PBXFileReference; lastKnownFileType = sourcecode.c.h; path = "TooConsole-Prefix.pch"; sourceTree = "<group>"; };
		CE610BCB14B84ACD006EA94E /* TDAppDelegate.h */ = {isa = PBXFileReference; lastKnownFileType = sourcecode.c.h; path = TDAppDelegate.h; sourceTree = "<group>"; };
		CE610BCC14B84ACD006EA94E /* TDAppDelegate.m */ = {isa = PBXFileReference; lastKnownFileType = sourcecode.c.objc; path = TDAppDelegate.m; sourceTree = "<group>"; };
		CE610BCF14B84ACD006EA94E /* en */ = {isa = PBXFileReference; lastKnownFileType = file.storyboard; name = en; path = en.lproj/MainStoryboard.storyboard; sourceTree = "<group>"; };
		CE610BD114B84ACD006EA94E /* TDLauncherController.h */ = {isa = PBXFileReference; lastKnownFileType = sourcecode.c.h; path = TDLauncherController.h; sourceTree = "<group>"; };
		CE610BD214B84ACD006EA94E /* TDLauncherController.m */ = {isa = PBXFileReference; lastKnownFileType = sourcecode.c.objc; path = TDLauncherController.m; sourceTree = "<group>"; };
		CE610BE114B85CAE006EA94E /* TDMulticast.h */ = {isa = PBXFileReference; fileEncoding = 4; lastKnownFileType = sourcecode.c.h; path = TDMulticast.h; sourceTree = "<group>"; };
		CE610BE214B85CAE006EA94E /* TDMulticast.m */ = {isa = PBXFileReference; fileEncoding = 4; lastKnownFileType = sourcecode.c.objc; path = TDMulticast.m; sourceTree = "<group>"; };
		CE610BF114B860CB006EA94E /* TCPServer.h */ = {isa = PBXFileReference; fileEncoding = 4; lastKnownFileType = sourcecode.c.h; path = TCPServer.h; sourceTree = "<group>"; };
		CE610BF214B860CB006EA94E /* TCPServer.m */ = {isa = PBXFileReference; fileEncoding = 4; lastKnownFileType = sourcecode.c.objc; path = TCPServer.m; sourceTree = "<group>"; };
		CE610BF414B86180006EA94E /* CFNetwork.framework */ = {isa = PBXFileReference; lastKnownFileType = wrapper.framework; name = CFNetwork.framework; path = System/Library/Frameworks/CFNetwork.framework; sourceTree = SDKROOT; };
		CE610BF614B87F21006EA94E /* TDAnnounceController.h */ = {isa = PBXFileReference; fileEncoding = 4; lastKnownFileType = sourcecode.c.h; path = TDAnnounceController.h; sourceTree = "<group>"; };
		CE610BF714B87F21006EA94E /* TDAnnounceController.m */ = {isa = PBXFileReference; fileEncoding = 4; lastKnownFileType = sourcecode.c.objc; path = TDAnnounceController.m; sourceTree = "<group>"; };
		CE610BF914B87F37006EA94E /* TDDiscoverController.h */ = {isa = PBXFileReference; fileEncoding = 4; lastKnownFileType = sourcecode.c.h; path = TDDiscoverController.h; sourceTree = "<group>"; };
		CE610BFA14B87F37006EA94E /* TDDiscoverController.m */ = {isa = PBXFileReference; fileEncoding = 4; lastKnownFileType = sourcecode.c.objc; path = TDDiscoverController.m; sourceTree = "<group>"; };
		CE610BFC14B88AEE006EA94E /* TDMulticastConfig.h */ = {isa = PBXFileReference; fileEncoding = 4; lastKnownFileType = sourcecode.c.h; path = TDMulticastConfig.h; sourceTree = "<group>"; };
/* End PBXFileReference section */

/* Begin PBXFrameworksBuildPhase section */
		CE610BB514B84ACD006EA94E /* Frameworks */ = {
			isa = PBXFrameworksBuildPhase;
			buildActionMask = 2147483647;
			files = (
				CE610BF514B86180006EA94E /* CFNetwork.framework in Frameworks */,
				CE610BBD14B84ACD006EA94E /* UIKit.framework in Frameworks */,
				CE610BBF14B84ACD006EA94E /* Foundation.framework in Frameworks */,
				CE610BC114B84ACD006EA94E /* CoreGraphics.framework in Frameworks */,
			);
			runOnlyForDeploymentPostprocessing = 0;
		};
/* End PBXFrameworksBuildPhase section */

/* Begin PBXGroup section */
		CE610BAD14B84ACD006EA94E = {
			isa = PBXGroup;
			children = (
				CE610BC214B84ACD006EA94E /* TooConsole */,
				CE610BBB14B84ACD006EA94E /* Frameworks */,
				CE610BB914B84ACD006EA94E /* Products */,
			);
			sourceTree = "<group>";
		};
		CE610BB914B84ACD006EA94E /* Products */ = {
			isa = PBXGroup;
			children = (
				CE610BB814B84ACD006EA94E /* TooConsole.app */,
			);
			name = Products;
			sourceTree = "<group>";
		};
		CE610BBB14B84ACD006EA94E /* Frameworks */ = {
			isa = PBXGroup;
			children = (
				CE610BF414B86180006EA94E /* CFNetwork.framework */,
				CE610BBC14B84ACD006EA94E /* UIKit.framework */,
				CE610BBE14B84ACD006EA94E /* Foundation.framework */,
				CE610BC014B84ACD006EA94E /* CoreGraphics.framework */,
			);
			name = Frameworks;
			sourceTree = "<group>";
		};
		CE610BC214B84ACD006EA94E /* TooConsole */ = {
			isa = PBXGroup;
			children = (
				CE610BE014B85CAE006EA94E /* toocastkit */,
				CE610BCB14B84ACD006EA94E /* TDAppDelegate.h */,
				CE610BCC14B84ACD006EA94E /* TDAppDelegate.m */,
				CE610BD114B84ACD006EA94E /* TDLauncherController.h */,
				CE610BD214B84ACD006EA94E /* TDLauncherController.m */,
				CE610BF614B87F21006EA94E /* TDAnnounceController.h */,
				CE610BF714B87F21006EA94E /* TDAnnounceController.m */,
				CE610BF914B87F37006EA94E /* TDDiscoverController.h */,
				CE610BFA14B87F37006EA94E /* TDDiscoverController.m */,
				CE610BC314B84ACD006EA94E /* Supporting Files */,
			);
			path = TooConsole;
			sourceTree = "<group>";
		};
		CE610BC314B84ACD006EA94E /* Supporting Files */ = {
			isa = PBXGroup;
			children = (
				CE610BCE14B84ACD006EA94E /* MainStoryboard.storyboard */,
				CE610BC414B84ACD006EA94E /* TooConsole-Info.plist */,
				CE610BC514B84ACD006EA94E /* InfoPlist.strings */,
				CE610BC814B84ACD006EA94E /* main.m */,
				CE610BCA14B84ACD006EA94E /* TooConsole-Prefix.pch */,
			);
			name = "Supporting Files";
			sourceTree = "<group>";
		};
		CE610BE014B85CAE006EA94E /* toocastkit */ = {
			isa = PBXGroup;
			children = (
				CE610BF114B860CB006EA94E /* TCPServer.h */,
				CE610BF214B860CB006EA94E /* TCPServer.m */,
				CE610BE114B85CAE006EA94E /* TDMulticast.h */,
				CE610BE214B85CAE006EA94E /* TDMulticast.m */,
				CE610BFC14B88AEE006EA94E /* TDMulticastConfig.h */,
			);
			name = toocastkit;
			path = ../../toocastkit;
			sourceTree = "<group>";
		};
/* End PBXGroup section */

/* Begin PBXNativeTarget section */
		CE610BB714B84ACD006EA94E /* TooConsole */ = {
			isa = PBXNativeTarget;
			buildConfigurationList = CE610BD614B84ACD006EA94E /* Build configuration list for PBXNativeTarget "TooConsole" */;
			buildPhases = (
				CE610BB414B84ACD006EA94E /* Sources */,
				CE610BB514B84ACD006EA94E /* Frameworks */,
				CE610BB614B84ACD006EA94E /* Resources */,
			);
			buildRules = (
			);
			dependencies = (
			);
			name = TooConsole;
			productName = TooConsole;
			productReference = CE610BB814B84ACD006EA94E /* TooConsole.app */;
			productType = "com.apple.product-type.application";
		};
/* End PBXNativeTarget section */

/* Begin PBXProject section */
		CE610BAF14B84ACD006EA94E /* Project object */ = {
			isa = PBXProject;
			attributes = {
				LastUpgradeCheck = 0420;
				ORGANIZATIONNAME = Toodev;
			};
			buildConfigurationList = CE610BB214B84ACD006EA94E /* Build configuration list for PBXProject "TooConsole" */;
			compatibilityVersion = "Xcode 3.2";
			developmentRegion = English;
			hasScannedForEncodings = 0;
			knownRegions = (
				en,
			);
			mainGroup = CE610BAD14B84ACD006EA94E;
			productRefGroup = CE610BB914B84ACD006EA94E /* Products */;
			projectDirPath = "";
			projectRoot = "";
			targets = (
				CE610BB714B84ACD006EA94E /* TooConsole */,
			);
		};
/* End PBXProject section */

/* Begin PBXResourcesBuildPhase section */
		CE610BB614B84ACD006EA94E /* Resources */ = {
			isa = PBXResourcesBuildPhase;
			buildActionMask = 2147483647;
			files = (
				CE610BC714B84ACD006EA94E /* InfoPlist.strings in Resources */,
				CE610BD014B84ACD006EA94E /* MainStoryboard.storyboard in Resources */,
			);
			runOnlyForDeploymentPostprocessing = 0;
		};
/* End PBXResourcesBuildPhase section */

/* Begin PBXSourcesBuildPhase section */
		CE610BB414B84ACD006EA94E /* Sources */ = {
			isa = PBXSourcesBuildPhase;
			buildActionMask = 2147483647;
			files = (
				CE610BC914B84ACD006EA94E /* main.m in Sources */,
				CE610BCD14B84ACD006EA94E /* TDAppDelegate.m in Sources */,
				CE610BD314B84ACD006EA94E /* TDLauncherController.m in Sources */,
				CE610BE314B85CAE006EA94E /* TDMulticast.m in Sources */,
				CE610BF314B860CB006EA94E /* TCPServer.m in Sources */,
				CE610BF814B87F21006EA94E /* TDAnnounceController.m in Sources */,
				CE610BFB14B87F37006EA94E /* TDDiscoverController.m in Sources */,
			);
			runOnlyForDeploymentPostprocessing = 0;
		};
/* End PBXSourcesBuildPhase section */

/* Begin PBXVariantGroup section */
		CE610BC514B84ACD006EA94E /* InfoPlist.strings */ = {
			isa = PBXVariantGroup;
			children = (
				CE610BC614B84ACD006EA94E /* en */,
			);
			name = InfoPlist.strings;
			sourceTree = "<group>";
		};
		CE610BCE14B84ACD006EA94E /* MainStoryboard.storyboard */ = {
			isa = PBXVariantGroup;
			children = (
				CE610BCF14B84ACD006EA94E /* en */,
			);
			name = MainStoryboard.storyboard;
			sourceTree = "<group>";
		};
/* End PBXVariantGroup section */

/* Begin XCBuildConfiguration section */
		CE610BD414B84ACD006EA94E /* Debug */ = {
			isa = XCBuildConfiguration;
			buildSettings = {
				ALWAYS_SEARCH_USER_PATHS = NO;
				ARCHS = "$(ARCHS_STANDARD_32_BIT)";
				CLANG_ENABLE_OBJC_ARC = YES;
				"CODE_SIGN_IDENTITY[sdk=iphoneos*]" = "iPhone Developer";
				COPY_PHASE_STRIP = NO;
				GCC_C_LANGUAGE_STANDARD = gnu99;
				GCC_DYNAMIC_NO_PIC = NO;
				GCC_OPTIMIZATION_LEVEL = 0;
				GCC_PREPROCESSOR_DEFINITIONS = (
					"DEBUG=1",
					"$(inherited)",
				);
				GCC_SYMBOLS_PRIVATE_EXTERN = NO;
				GCC_VERSION = com.apple.compilers.llvm.clang.1_0;
				GCC_WARN_ABOUT_MISSING_PROTOTYPES = YES;
				GCC_WARN_ABOUT_RETURN_TYPE = YES;
				GCC_WARN_UNUSED_VARIABLE = YES;
				IPHONEOS_DEPLOYMENT_TARGET = 5.0;
				SDKROOT = iphoneos;
			};
			name = Debug;
		};
		CE610BD514B84ACD006EA94E /* Release */ = {
			isa = XCBuildConfiguration;
			buildSettings = {
				ALWAYS_SEARCH_USER_PATHS = NO;
				ARCHS = "$(ARCHS_STANDARD_32_BIT)";
				CLANG_ENABLE_OBJC_ARC = YES;
				"CODE_SIGN_IDENTITY[sdk=iphoneos*]" = "iPhone Developer";
				COPY_PHASE_STRIP = YES;
				GCC_C_LANGUAGE_STANDARD = gnu99;
				GCC_VERSION = com.apple.compilers.llvm.clang.1_0;
				GCC_WARN_ABOUT_MISSING_PROTOTYPES = YES;
				GCC_WARN_ABOUT_RETURN_TYPE = YES;
				GCC_WARN_UNUSED_VARIABLE = YES;
				IPHONEOS_DEPLOYMENT_TARGET = 5.0;
				OTHER_CFLAGS = "-DNS_BLOCK_ASSERTIONS=1";
				SDKROOT = iphoneos;
				VALIDATE_PRODUCT = YES;
			};
			name = Release;
		};
		CE610BD714B84ACD006EA94E /* Debug */ = {
			isa = XCBuildConfiguration;
			buildSettings = {
				GCC_PRECOMPILE_PREFIX_HEADER = YES;
				GCC_PREFIX_HEADER = "TooConsole/TooConsole-Prefix.pch";
				INFOPLIST_FILE = "TooConsole/TooConsole-Info.plist";
				PRODUCT_NAME = "$(TARGET_NAME)";
				WRAPPER_EXTENSION = app;
			};
			name = Debug;
		};
		CE610BD814B84ACD006EA94E /* Release */ = {
			isa = XCBuildConfiguration;
			buildSettings = {
				GCC_PRECOMPILE_PREFIX_HEADER = YES;
				GCC_PREFIX_HEADER = "TooConsole/TooConsole-Prefix.pch";
				INFOPLIST_FILE = "TooConsole/TooConsole-Info.plist";
				PRODUCT_NAME = "$(TARGET_NAME)";
				WRAPPER_EXTENSION = app;
			};
			name = Release;
		};
/* End XCBuildConfiguration section */

/* Begin XCConfigurationList section */
		CE610BB214B84ACD006EA94E /* Build configuration list for PBXProject "TooConsole" */ = {
			isa = XCConfigurationList;
			buildConfigurations = (
				CE610BD414B84ACD006EA94E /* Debug */,
				CE610BD514B84ACD006EA94E /* Release */,
			);
			defaultConfigurationIsVisible = 0;
			defaultConfigurationName = Release;
		};
		CE610BD614B84ACD006EA94E /* Build configuration list for PBXNativeTarget "TooConsole" */ = {
			isa = XCConfigurationList;
			buildConfigurations = (
				CE610BD714B84ACD006EA94E /* Debug */,
				CE610BD814B84ACD006EA94E /* Release */,
			);
			defaultConfigurationIsVisible = 0;
		};
/* End XCConfigurationList section */
	};
	rootObject = CE610BAF14B84ACD006EA94E /* Project object */;
}
